// !$*UTF8*$!
{
	archiveVersion = 1;
	classes = {
	};
	objectVersion = 48;
	objects = {

/* Begin PBXBuildFile section */
		BCEC9CCF20709107008811AB /* AppDelegate.m in Sources */ = {isa = PBXBuildFile; fileRef = BCEC9CCE20709107008811AB /* AppDelegate.m */; };
		BCEC9CD220709107008811AB /* ViewController.m in Sources */ = {isa = PBXBuildFile; fileRef = BCEC9CD120709107008811AB /* ViewController.m */; };
		BCEC9CD520709107008811AB /* Main.storyboard in Resources */ = {isa = PBXBuildFile; fileRef = BCEC9CD320709107008811AB /* Main.storyboard */; };
		BCEC9CD720709107008811AB /* Assets.xcassets in Resources */ = {isa = PBXBuildFile; fileRef = BCEC9CD620709107008811AB /* Assets.xcassets */; };
		BCEC9CDA20709107008811AB /* LaunchScreen.storyboard in Resources */ = {isa = PBXBuildFile; fileRef = BCEC9CD820709107008811AB /* LaunchScreen.storyboard */; };
		BCEC9CDD20709107008811AB /* main.m in Sources */ = {isa = PBXBuildFile; fileRef = BCEC9CDC20709107008811AB /* main.m */; };
		BCEC9CE52070913A008811AB /* MyGLLayer.m in Sources */ = {isa = PBXBuildFile; fileRef = BCEC9CE32070913A008811AB /* MyGLLayer.m */; };
		BCEC9CE820709152008811AB /* VideoDecoder.m in Sources */ = {isa = PBXBuildFile; fileRef = BCEC9CE720709152008811AB /* VideoDecoder.m */; };
		BCEC9CEB20709175008811AB /* VideoEncoder.m in Sources */ = {isa = PBXBuildFile; fileRef = BCEC9CEA20709175008811AB /* VideoEncoder.m */; };
/* End PBXBuildFile section */

/* Begin PBXFileReference section */
		BCEC9CCA20709107008811AB /* test.app */ = {isa = PBXFileReference; explicitFileType = wrapper.application; includeInIndex = 0; path = test.app; sourceTree = BUILT_PRODUCTS_DIR; };
		BCEC9CCD20709107008811AB /* AppDelegate.h */ = {isa = PBXFileReference; lastKnownFileType = sourcecode.c.h; path = AppDelegate.h; sourceTree = "<group>"; };
		BCEC9CCE20709107008811AB /* AppDelegate.m */ = {isa = PBXFileReference; lastKnownFileType = sourcecode.c.objc; path = AppDelegate.m; sourceTree = "<group>"; };
		BCEC9CD020709107008811AB /* ViewController.h */ = {isa = PBXFileReference; lastKnownFileType = sourcecode.c.h; path = ViewController.h; sourceTree = "<group>"; };
		BCEC9CD120709107008811AB /* ViewController.m */ = {isa = PBXFileReference; lastKnownFileType = sourcecode.c.objc; path = ViewController.m; sourceTree = "<group>"; };
		BCEC9CD420709107008811AB /* Base */ = {isa = PBXFileReference; lastKnownFileType = file.storyboard; name = Base; path = Base.lproj/Main.storyboard; sourceTree = "<group>"; };
		BCEC9CD620709107008811AB /* Assets.xcassets */ = {isa = PBXFileReference; lastKnownFileType = folder.assetcatalog; path = Assets.xcassets; sourceTree = "<group>"; };
		BCEC9CD920709107008811AB /* Base */ = {isa = PBXFileReference; lastKnownFileType = file.storyboard; name = Base; path = Base.lproj/LaunchScreen.storyboard; sourceTree = "<group>"; };
		BCEC9CDB20709107008811AB /* Info.plist */ = {isa = PBXFileReference; lastKnownFileType = text.plist.xml; path = Info.plist; sourceTree = "<group>"; };
		BCEC9CDC20709107008811AB /* main.m */ = {isa = PBXFileReference; lastKnownFileType = sourcecode.c.objc; path = main.m; sourceTree = "<group>"; };
		BCEC9CE32070913A008811AB /* MyGLLayer.m */ = {isa = PBXFileReference; fileEncoding = 4; lastKnownFileType = sourcecode.c.objc; path = MyGLLayer.m; sourceTree = "<group>"; };
		BCEC9CE42070913A008811AB /* MyGLLayer.h */ = {isa = PBXFileReference; fileEncoding = 4; lastKnownFileType = sourcecode.c.h; path = MyGLLayer.h; sourceTree = "<group>"; };
		BCEC9CE620709152008811AB /* VideoDecoder.h */ = {isa = PBXFileReference; fileEncoding = 4; lastKnownFileType = sourcecode.c.h; path = VideoDecoder.h; sourceTree = "<group>"; };
		BCEC9CE720709152008811AB /* VideoDecoder.m */ = {isa = PBXFileReference; fileEncoding = 4; lastKnownFileType = sourcecode.c.objc; path = VideoDecoder.m; sourceTree = "<group>"; };
		BCEC9CE920709175008811AB /* VideoEncoder.h */ = {isa = PBXFileReference; fileEncoding = 4; lastKnownFileType = sourcecode.c.h; path = VideoEncoder.h; sourceTree = "<group>"; };
		BCEC9CEA20709175008811AB /* VideoEncoder.m */ = {isa = PBXFileReference; fileEncoding = 4; lastKnownFileType = sourcecode.c.objc; path = VideoEncoder.m; sourceTree = "<group>"; };
/* End PBXFileReference section */

/* Begin PBXFrameworksBuildPhase section */
		BCEC9CC720709107008811AB /* Frameworks */ = {
			isa = PBXFrameworksBuildPhase;
			buildActionMask = 2147483647;
			files = (
			);
			runOnlyForDeploymentPostprocessing = 0;
		};
/* End PBXFrameworksBuildPhase section */

/* Begin PBXGroup section */
		BCEC9CC120709107008811AB = {
			isa = PBXGroup;
			children = (
				BCEC9CCC20709107008811AB /* test */,
				BCEC9CCB20709107008811AB /* Products */,
			);
			sourceTree = "<group>";
		};
		BCEC9CCB20709107008811AB /* Products */ = {
			isa = PBXGroup;
			children = (
				BCEC9CCA20709107008811AB /* test.app */,
			);
			name = Products;
			sourceTree = "<group>";
		};
		BCEC9CCC20709107008811AB /* test */ = {
			isa = PBXGroup;
			children = (
				BCEC9CE42070913A008811AB /* MyGLLayer.h */,
				BCEC9CE32070913A008811AB /* MyGLLayer.m */,
				BCEC9CE920709175008811AB /* VideoEncoder.h */,
				BCEC9CEA20709175008811AB /* VideoEncoder.m */,
				BCEC9CE620709152008811AB /* VideoDecoder.h */,
				BCEC9CE720709152008811AB /* VideoDecoder.m */,
				BCEC9CCD20709107008811AB /* AppDelegate.h */,
				BCEC9CCE20709107008811AB /* AppDelegate.m */,
				BCEC9CD020709107008811AB /* ViewController.h */,
				BCEC9CD120709107008811AB /* ViewController.m */,
				BCEC9CD320709107008811AB /* Main.storyboard */,
				BCEC9CD620709107008811AB /* Assets.xcassets */,
				BCEC9CD820709107008811AB /* LaunchScreen.storyboard */,
				BCEC9CDB20709107008811AB /* Info.plist */,
				BCEC9CDC20709107008811AB /* main.m */,
			);
			path = test;
			sourceTree = "<group>";
		};
/* End PBXGroup section */

/* Begin PBXNativeTarget section */
		BCEC9CC920709107008811AB /* test */ = {
			isa = PBXNativeTarget;
			buildConfigurationList = BCEC9CE020709107008811AB /* Build configuration list for PBXNativeTarget "test" */;
			buildPhases = (
				BCEC9CC620709107008811AB /* Sources */,
				BCEC9CC720709107008811AB /* Frameworks */,
				BCEC9CC820709107008811AB /* Resources */,
			);
			buildRules = (
			);
			dependencies = (
			);
			name = test;
			productName = test;
			productReference = BCEC9CCA20709107008811AB /* test.app */;
			productType = "com.apple.product-type.application";
		};
/* End PBXNativeTarget section */

/* Begin PBXProject section */
		BCEC9CC220709107008811AB /* Project object */ = {
			isa = PBXProject;
			attributes = {
				LastUpgradeCheck = 0920;
				ORGANIZATIONNAME = leng;
				TargetAttributes = {
					BCEC9CC920709107008811AB = {
						CreatedOnToolsVersion = 9.2;
						ProvisioningStyle = Automatic;
					};
				};
			};
			buildConfigurationList = BCEC9CC520709107008811AB /* Build configuration list for PBXProject "test" */;
			compatibilityVersion = "Xcode 8.0";
			developmentRegion = en;
			hasScannedForEncodings = 0;
			knownRegions = (
				en,
				Base,
			);
			mainGroup = BCEC9CC120709107008811AB;
			productRefGroup = BCEC9CCB20709107008811AB /* Products */;
			projectDirPath = "";
			projectRoot = "";
			targets = (
				BCEC9CC920709107008811AB /* test */,
			);
		};
/* End PBXProject section */

/* Begin PBXResourcesBuildPhase section */
		BCEC9CC820709107008811AB /* Resources */ = {
			isa = PBXResourcesBuildPhase;
			buildActionMask = 2147483647;
			files = (
				BCEC9CDA20709107008811AB /* LaunchScreen.storyboard in Resources */,
				BCEC9CD720709107008811AB /* Assets.xcassets in Resources */,
				BCEC9CD520709107008811AB /* Main.storyboard in Resources */,
			);
			runOnlyForDeploymentPostprocessing = 0;
		};
/* End PBXResourcesBuildPhase section */

/* Begin PBXSourcesBuildPhase section */
		BCEC9CC620709107008811AB /* Sources */ = {
			isa = PBXSourcesBuildPhase;
			buildActionMask = 2147483647;
			files = (
				BCEC9CD220709107008811AB /* ViewController.m in Sources */,
				BCEC9CDD20709107008811AB /* main.m in Sources */,
				BCEC9CE52070913A008811AB /* MyGLLayer.m in Sources */,
				BCEC9CCF20709107008811AB /* AppDelegate.m in Sources */,
				BCEC9CEB20709175008811AB /* VideoEncoder.m in Sources */,
				BCEC9CE820709152008811AB /* VideoDecoder.m in Sources */,
			);
			runOnlyForDeploymentPostprocessing = 0;
		};
/* End PBXSourcesBuildPhase section */

/* Begin PBXVariantGroup section */
		BCEC9CD320709107008811AB /* Main.storyboard */ = {
			isa = PBXVariantGroup;
			children = (
				BCEC9CD420709107008811AB /* Base */,
			);
			name = Main.storyboard;
			sourceTree = "<group>";
		};
		BCEC9CD820709107008811AB /* LaunchScreen.storyboard */ = {
			isa = PBXVariantGroup;
			children = (
				BCEC9CD920709107008811AB /* Base */,
			);
			name = LaunchScreen.storyboard;
			sourceTree = "<group>";
		};
/* End PBXVariantGroup section */

/* Begin XCBuildConfiguration section */
		BCEC9CDE20709107008811AB /* Debug */ = {
			isa = XCBuildConfiguration;
			buildSettings = {
				ALWAYS_SEARCH_USER_PATHS = NO;
				CLANG_ANALYZER_NONNULL = YES;
				CLANG_ANALYZER_NUMBER_OBJECT_CONVERSION = YES_AGGRESSIVE;
				CLANG_CXX_LANGUAGE_STANDARD = "gnu++14";
				CLANG_CXX_LIBRARY = "libc++";
				CLANG_ENABLE_MODULES = YES;
				CLANG_ENABLE_OBJC_ARC = YES;
				CLANG_WARN_BLOCK_CAPTURE_AUTORELEASING = YES;
				CLANG_WARN_BOOL_CONVERSION = YES;
				CLANG_WARN_COMMA = YES;
				CLANG_WARN_CONSTANT_CONVERSION = YES;
				CLANG_WARN_DIRECT_OBJC_ISA_USAGE = YES_ERROR;
				CLANG_WARN_DOCUMENTATION_COMMENTS = YES;
				CLANG_WARN_EMPTY_BODY = YES;
				CLANG_WARN_ENUM_CONVERSION = YES;
				CLANG_WARN_INFINITE_RECURSION = YES;
				CLANG_WARN_INT_CONVERSION = YES;
				CLANG_WARN_NON_LITERAL_NULL_CONVERSION = YES;
				CLANG_WARN_OBJC_LITERAL_CONVERSION = YES;
				CLANG_WARN_OBJC_ROOT_CLASS = YES_ERROR;
				CLANG_WARN_RANGE_LOOP_ANALYSIS = YES;
				CLANG_WARN_STRICT_PROTOTYPES = YES;
				CLANG_WARN_SUSPICIOUS_MOVE = YES;
				CLANG_WARN_UNGUARDED_AVAILABILITY = YES_AGGRESSIVE;
				CLANG_WARN_UNREACHABLE_CODE = YES;
				CLANG_WARN__DUPLICATE_METHOD_MATCH = YES;
				CODE_SIGN_IDENTITY = "iPhone Developer";
				COPY_PHASE_STRIP = NO;
				DEBUG_INFORMATION_FORMAT = dwarf;
				ENABLE_STRICT_OBJC_MSGSEND = YES;
				ENABLE_TESTABILITY = YES;
				GCC_C_LANGUAGE_STANDARD = gnu11;
				GCC_DYNAMIC_NO_PIC = NO;
				GCC_NO_COMMON_BLOCKS = YES;
				GCC_OPTIMIZATION_LEVEL = 0;
				GCC_PREPROCESSOR_DEFINITIONS = (
					"DEBUG=1",
					"$(inherited)",
				);
				GCC_WARN_64_TO_32_BIT_CONVERSION = YES;
				GCC_WARN_ABOUT_RETURN_TYPE = YES_ERROR;
				GCC_WARN_UNDECLARED_SELECTOR = YES;
				GCC_WARN_UNINITIALIZED_AUTOS = YES_AGGRESSIVE;
				GCC_WARN_UNUSED_FUNCTION = YES;
				GCC_WARN_UNUSED_VARIABLE = YES;
				IPHONEOS_DEPLOYMENT_TARGET = 11.2;
				MTL_ENABLE_DEBUG_INFO = YES;
				ONLY_ACTIVE_ARCH = YES;
				SDKROOT = iphoneos;
			};
			name = Debug;
		};
		BCEC9CDF20709107008811AB /* Release */ = {
			isa = XCBuildConfiguration;
			buildSettings = {
				ALWAYS_SEARCH_USER_PATHS = NO;
				CLANG_ANALYZER_NONNULL = YES;
				CLANG_ANALYZER_NUMBER_OBJECT_CONVERSION = YES_AGGRESSIVE;
				CLANG_CXX_LANGUAGE_STANDARD = "gnu++14";
				CLANG_CXX_LIBRARY = "libc++";
				CLANG_ENABLE_MODULES = YES;
				CLANG_ENABLE_OBJC_ARC = YES;
				CLANG_WARN_BLOCK_CAPTURE_AUTORELEASING = YES;
				CLANG_WARN_BOOL_CONVERSION = YES;
				CLANG_WARN_COMMA = YES;
				CLANG_WARN_CONSTANT_CONVERSION = YES;
				CLANG_WARN_DIRECT_OBJC_ISA_USAGE = YES_ERROR;
				CLANG_WARN_DOCUMENTATION_COMMENTS = YES;
				CLANG_WARN_EMPTY_BODY = YES;
				CLANG_WARN_ENUM_CONVERSION = YES;
				CLANG_WARN_INFINITE_RECURSION = YES;
				CLANG_WARN_INT_CONVERSION = YES;
				CLANG_WARN_NON_LITERAL_NULL_CONVERSION = YES;
				CLANG_WARN_OBJC_LITERAL_CONVERSION = YES;
				CLANG_WARN_OBJC_ROOT_CLASS = YES_ERROR;
				CLANG_WARN_RANGE_LOOP_ANALYSIS = YES;
				CLANG_WARN_STRICT_PROTOTYPES = YES;
				CLANG_WARN_SUSPICIOUS_MOVE = YES;
				CLANG_WARN_UNGUARDED_AVAILABILITY = YES_AGGRESSIVE;
				CLANG_WARN_UNREACHABLE_CODE = YES;
				CLANG_WARN__DUPLICATE_METHOD_MATCH = YES;
				CODE_SIGN_IDENTITY = "iPhone Developer";
				COPY_PHASE_STRIP = NO;
				DEBUG_INFORMATION_FORMAT = "dwarf-with-dsym";
				ENABLE_NS_ASSERTIONS = NO;
				ENABLE_STRICT_OBJC_MSGSEND = YES;
				GCC_C_LANGUAGE_STANDARD = gnu11;
				GCC_NO_COMMON_BLOCKS = YES;
				GCC_WARN_64_TO_32_BIT_CONVERSION = YES;
				GCC_WARN_ABOUT_RETURN_TYPE = YES_ERROR;
				GCC_WARN_UNDECLARED_SELECTOR = YES;
				GCC_WARN_UNINITIALIZED_AUTOS = YES_AGGRESSIVE;
				GCC_WARN_UNUSED_FUNCTION = YES;
				GCC_WARN_UNUSED_VARIABLE = YES;
				IPHONEOS_DEPLOYMENT_TARGET = 11.2;
				MTL_ENABLE_DEBUG_INFO = NO;
				SDKROOT = iphoneos;
				VALIDATE_PRODUCT = YES;
			};
			name = Release;
		};
		BCEC9CE120709107008811AB /* Debug */ = {
			isa = XCBuildConfiguration;
			buildSettings = {
				ASSETCATALOG_COMPILER_APPICON_NAME = AppIcon;
				CODE_SIGN_STYLE = Automatic;
				DEVELOPMENT_TEAM = FWH85K95YF;
				INFOPLIST_FILE = test/Info.plist;
				LD_RUNPATH_SEARCH_PATHS = "$(inherited) @executable_path/Frameworks";
				PRODUCT_BUNDLE_IDENTIFIER = com.leng.test222;
				PRODUCT_NAME = "$(TARGET_NAME)";
				TARGETED_DEVICE_FAMILY = "1,2";
			};
			name = Debug;
		};
		BCEC9CE220709107008811AB /* Release */ = {
			isa = XCBuildConfiguration;
			buildSettings = {
				ASSETCATALOG_COMPILER_APPICON_NAME = AppIcon;
				CODE_SIGN_STYLE = Automatic;
				DEVELOPMENT_TEAM = FWH85K95YF;
				INFOPLIST_FILE = test/Info.plist;
				LD_RUNPATH_SEARCH_PATHS = "$(inherited) @executable_path/Frameworks";
				PRODUCT_BUNDLE_IDENTIFIER = com.leng.test222;
				PRODUCT_NAME = "$(TARGET_NAME)";
				TARGETED_DEVICE_FAMILY = "1,2";
			};
			name = Release;
		};
/* End XCBuildConfiguration section */

/* Begin XCConfigurationList section */
		BCEC9CC520709107008811AB /* Build configuration list for PBXProject "test" */ = {
			isa = XCConfigurationList;
			buildConfigurations = (
				BCEC9CDE20709107008811AB /* Debug */,
				BCEC9CDF20709107008811AB /* Release */,
			);
			defaultConfigurationIsVisible = 0;
			defaultConfigurationName = Release;
		};
		BCEC9CE020709107008811AB /* Build configuration list for PBXNativeTarget "test" */ = {
			isa = XCConfigurationList;
			buildConfigurations = (
				BCEC9CE120709107008811AB /* Debug */,
				BCEC9CE220709107008811AB /* Release */,
			);
			defaultConfigurationIsVisible = 0;
			defaultConfigurationName = Release;
		};
/* End XCConfigurationList section */
	};
	rootObject = BCEC9CC220709107008811AB /* Project object */;
}
